// !$*UTF8*$!
{
	archiveVersion = 1;
	classes = {
	};
	objectVersion = 55;
	objects = {

/* Begin PBXBuildFile section */
		4C06157B27762A27009C6C08 /* FightViewController.swift in Sources */ = {isa = PBXBuildFile; fileRef = 4C06157927762A27009C6C08 /* FightViewController.swift */; };
		4C06157C27762A27009C6C08 /* FightViewController.xib in Resources */ = {isa = PBXBuildFile; fileRef = 4C06157A27762A27009C6C08 /* FightViewController.xib */; };
		4C06158127762E6C009C6C08 /* FightViewModel.swift in Sources */ = {isa = PBXBuildFile; fileRef = 4C06158027762E6C009C6C08 /* FightViewModel.swift */; };
		4C184FE6277235F000CE1CFF /* BuyWeaponsViewController.swift in Sources */ = {isa = PBXBuildFile; fileRef = 4C184FE4277235F000CE1CFF /* BuyWeaponsViewController.swift */; };
		4C184FE7277235F000CE1CFF /* BuyWeaponsViewController.xib in Resources */ = {isa = PBXBuildFile; fileRef = 4C184FE5277235F000CE1CFF /* BuyWeaponsViewController.xib */; };
		4C184FE92772395700CE1CFF /* BuyWeaponsViewModel.swift in Sources */ = {isa = PBXBuildFile; fileRef = 4C184FE82772395700CE1CFF /* BuyWeaponsViewModel.swift */; };
		4C184FEC27723B7700CE1CFF /* WeaponCollectionViewCell.swift in Sources */ = {isa = PBXBuildFile; fileRef = 4C184FEA27723B7700CE1CFF /* WeaponCollectionViewCell.swift */; };
		4C184FED27723B7700CE1CFF /* WeaponCollectionViewCell.xib in Resources */ = {isa = PBXBuildFile; fileRef = 4C184FEB27723B7700CE1CFF /* WeaponCollectionViewCell.xib */; };
		4C184FF12772475C00CE1CFF /* UIView+Extension.swift in Sources */ = {isa = PBXBuildFile; fileRef = 4C184FF02772475C00CE1CFF /* UIView+Extension.swift */; };
		4C184FF327726A7700CE1CFF /* UICollectionView+Extension.swift in Sources */ = {isa = PBXBuildFile; fileRef = 4C184FF227726A7700CE1CFF /* UICollectionView+Extension.swift */; };
		4C40497027746D90005DAF79 /* GameFlowViewController.swift in Sources */ = {isa = PBXBuildFile; fileRef = 4C40496F27746D90005DAF79 /* GameFlowViewController.swift */; };
		4C404975277490B4005DAF79 /* BattleResultsViewController.swift in Sources */ = {isa = PBXBuildFile; fileRef = 4C404973277490B4005DAF79 /* BattleResultsViewController.swift */; };
		4C404976277490B4005DAF79 /* BattleResultsViewController.xib in Resources */ = {isa = PBXBuildFile; fileRef = 4C404974277490B4005DAF79 /* BattleResultsViewController.xib */; };
		4C40497D2774A669005DAF79 /* DeamonCollectionViewCell.swift in Sources */ = {isa = PBXBuildFile; fileRef = 4C40497B2774A669005DAF79 /* DeamonCollectionViewCell.swift */; };
		4C40497E2774A669005DAF79 /* DeamonCollectionViewCell.xib in Resources */ = {isa = PBXBuildFile; fileRef = 4C40497C2774A669005DAF79 /* DeamonCollectionViewCell.xib */; };
		4C4B7BB72776F6CF000E2FDE /* BattleResultViewModel.swift in Sources */ = {isa = PBXBuildFile; fileRef = 4C4B7BB62776F6CF000E2FDE /* BattleResultViewModel.swift */; };
		4C4B7BBD2776FEBE000E2FDE /* ViewControllerFactory.swift in Sources */ = {isa = PBXBuildFile; fileRef = 4C4B7BBC2776FEBE000E2FDE /* ViewControllerFactory.swift */; };
		4C4B7BBF2777001D000E2FDE /* BattleNavigationControllerRouter.swift in Sources */ = {isa = PBXBuildFile; fileRef = 4C4B7BBE2777001D000E2FDE /* BattleNavigationControllerRouter.swift */; };
		4C4B7BC1277700D6000E2FDE /* BattleDelegate.swift in Sources */ = {isa = PBXBuildFile; fileRef = 4C4B7BC0277700D6000E2FDE /* BattleDelegate.swift */; };
		4C4B7BC327770484000E2FDE /* BattleViewControllerFactory.swift in Sources */ = {isa = PBXBuildFile; fileRef = 4C4B7BC227770484000E2FDE /* BattleViewControllerFactory.swift */; };
		4C4B7BC5277712F5000E2FDE /* Battle.swift in Sources */ = {isa = PBXBuildFile; fileRef = 4C4B7BC4277712F5000E2FDE /* Battle.swift */; };
		4C4B7BC727771364000E2FDE /* Flow.swift in Sources */ = {isa = PBXBuildFile; fileRef = 4C4B7BC627771364000E2FDE /* Flow.swift */; };
		4C4B7BD9277792F6000E2FDE /* Game.swift in Sources */ = {isa = PBXBuildFile; fileRef = 4C4B7BD8277792F6000E2FDE /* Game.swift */; };
		4C4B7BDB2777930F000E2FDE /* Result.swift in Sources */ = {isa = PBXBuildFile; fileRef = 4C4B7BDA2777930F000E2FDE /* Result.swift */; };
		4C4B7BDD2777931D000E2FDE /* Activity.swift in Sources */ = {isa = PBXBuildFile; fileRef = 4C4B7BDC2777931D000E2FDE /* Activity.swift */; };
		4C81A302277841BB003485D2 /* WeaponsViewController.swift in Sources */ = {isa = PBXBuildFile; fileRef = 4C81A300277841BB003485D2 /* WeaponsViewController.swift */; };
		4C81A303277841BB003485D2 /* WeaponsViewController.xib in Resources */ = {isa = PBXBuildFile; fileRef = 4C81A301277841BB003485D2 /* WeaponsViewController.xib */; };
		4C81A30627784261003485D2 /* WeaponTableViewCell.swift in Sources */ = {isa = PBXBuildFile; fileRef = 4C81A30427784261003485D2 /* WeaponTableViewCell.swift */; };
		4C81A30727784261003485D2 /* WeaponTableViewCell.xib in Resources */ = {isa = PBXBuildFile; fileRef = 4C81A30527784261003485D2 /* WeaponTableViewCell.xib */; };
		4C81A30B27784398003485D2 /* UITableView+Extension.swift in Sources */ = {isa = PBXBuildFile; fileRef = 4C81A30A27784398003485D2 /* UITableView+Extension.swift */; };
		4C81A313277873BC003485D2 /* DemonsViewController.swift in Sources */ = {isa = PBXBuildFile; fileRef = 4C81A311277873BC003485D2 /* DemonsViewController.swift */; };
		4C81A314277873BC003485D2 /* DemonsViewController.xib in Resources */ = {isa = PBXBuildFile; fileRef = 4C81A312277873BC003485D2 /* DemonsViewController.xib */; };
		4C81A317277874C0003485D2 /* DemonTableViewCell.swift in Sources */ = {isa = PBXBuildFile; fileRef = 4C81A315277874C0003485D2 /* DemonTableViewCell.swift */; };
		4C81A318277874C0003485D2 /* DemonTableViewCell.xib in Resources */ = {isa = PBXBuildFile; fileRef = 4C81A316277874C0003485D2 /* DemonTableViewCell.xib */; };
		4C81A31A27788E2F003485D2 /* WeaponView.xib in Resources */ = {isa = PBXBuildFile; fileRef = 4C81A31927788E2F003485D2 /* WeaponView.xib */; };
		4C81A31C27788E67003485D2 /* WeaponView.swift in Sources */ = {isa = PBXBuildFile; fileRef = 4C81A31B27788E67003485D2 /* WeaponView.swift */; };
		4C81A31E27788ECC003485D2 /* NibDefinable.swift in Sources */ = {isa = PBXBuildFile; fileRef = 4C81A31D27788ECC003485D2 /* NibDefinable.swift */; };
		4C81A3202778904E003485D2 /* DemonView.swift in Sources */ = {isa = PBXBuildFile; fileRef = 4C81A31F2778904E003485D2 /* DemonView.swift */; };
		4C81A3222778905E003485D2 /* DemonView.xib in Resources */ = {isa = PBXBuildFile; fileRef = 4C81A3212778905E003485D2 /* DemonView.xib */; };
		4CDB8ECD2770F5B9009489A5 /* AppDelegate.swift in Sources */ = {isa = PBXBuildFile; fileRef = 4CDB8ECC2770F5B9009489A5 /* AppDelegate.swift */; };
		4CDB8ECF2770F5B9009489A5 /* SceneDelegate.swift in Sources */ = {isa = PBXBuildFile; fileRef = 4CDB8ECE2770F5B9009489A5 /* SceneDelegate.swift */; };
		4CDB8ED62770F5BA009489A5 /* Assets.xcassets in Resources */ = {isa = PBXBuildFile; fileRef = 4CDB8ED52770F5BA009489A5 /* Assets.xcassets */; };
		4CDB8ED92770F5BA009489A5 /* LaunchScreen.storyboard in Resources */ = {isa = PBXBuildFile; fileRef = 4CDB8ED72770F5BA009489A5 /* LaunchScreen.storyboard */; };
		4CDB8EE22770FC3C009489A5 /* AmountViewController.swift in Sources */ = {isa = PBXBuildFile; fileRef = 4CDB8EE02770FC3C009489A5 /* AmountViewController.swift */; };
		4CDB8EE32770FC3C009489A5 /* AmountViewController.xib in Resources */ = {isa = PBXBuildFile; fileRef = 4CDB8EE12770FC3C009489A5 /* AmountViewController.xib */; };
		4CDB8EE527710166009489A5 /* AmountViewModel.swift in Sources */ = {isa = PBXBuildFile; fileRef = 4CDB8EE427710166009489A5 /* AmountViewModel.swift */; };
		4CDB8EE82771029B009489A5 /* UITextField+Publisher.swift in Sources */ = {isa = PBXBuildFile; fileRef = 4CDB8EE72771029B009489A5 /* UITextField+Publisher.swift */; };
		4CDB8EEA27710346009489A5 /* UIButton+Extesnion.swift in Sources */ = {isa = PBXBuildFile; fileRef = 4CDB8EE927710346009489A5 /* UIButton+Extesnion.swift */; };
		4CDB8EEE27710445009489A5 /* Alertable.swift in Sources */ = {isa = PBXBuildFile; fileRef = 4CDB8EED27710445009489A5 /* Alertable.swift */; };
		4CDB8EF9277106CD009489A5 /* Lodable.swift in Sources */ = {isa = PBXBuildFile; fileRef = 4CDB8EF8277106CD009489A5 /* Lodable.swift */; };
		4CDB8EFF277110AF009489A5 /* Weapon.swift in Sources */ = {isa = PBXBuildFile; fileRef = 4CDB8EFE277110AF009489A5 /* Weapon.swift */; };
		4CF1FC8D27739CB900CB2060 /* DeamonAmountsViewController.swift in Sources */ = {isa = PBXBuildFile; fileRef = 4CF1FC8B27739CB900CB2060 /* DeamonAmountsViewController.swift */; };
		4CF1FC8E27739CB900CB2060 /* DeamonAmountsViewController.xib in Resources */ = {isa = PBXBuildFile; fileRef = 4CF1FC8C27739CB900CB2060 /* DeamonAmountsViewController.xib */; };
		4CF1FC902773A32100CB2060 /* DeamonAmountViewModel.swift in Sources */ = {isa = PBXBuildFile; fileRef = 4CF1FC8F2773A32100CB2060 /* DeamonAmountViewModel.swift */; };
		4CF1FC922773A70300CB2060 /* Deamon.swift in Sources */ = {isa = PBXBuildFile; fileRef = 4CF1FC912773A70300CB2060 /* Deamon.swift */; };
		4CF1FC942773A71B00CB2060 /* Power.swift in Sources */ = {isa = PBXBuildFile; fileRef = 4CF1FC932773A71B00CB2060 /* Power.swift */; };
/* End PBXBuildFile section */

/* Begin PBXFileReference section */
		4C06157927762A27009C6C08 /* FightViewController.swift */ = {isa = PBXFileReference; lastKnownFileType = sourcecode.swift; path = FightViewController.swift; sourceTree = "<group>"; };
		4C06157A27762A27009C6C08 /* FightViewController.xib */ = {isa = PBXFileReference; lastKnownFileType = file.xib; path = FightViewController.xib; sourceTree = "<group>"; };
		4C06158027762E6C009C6C08 /* FightViewModel.swift */ = {isa = PBXFileReference; lastKnownFileType = sourcecode.swift; path = FightViewModel.swift; sourceTree = "<group>"; };
		4C184FE4277235F000CE1CFF /* BuyWeaponsViewController.swift */ = {isa = PBXFileReference; lastKnownFileType = sourcecode.swift; path = BuyWeaponsViewController.swift; sourceTree = "<group>"; };
		4C184FE5277235F000CE1CFF /* BuyWeaponsViewController.xib */ = {isa = PBXFileReference; lastKnownFileType = file.xib; path = BuyWeaponsViewController.xib; sourceTree = "<group>"; };
		4C184FE82772395700CE1CFF /* BuyWeaponsViewModel.swift */ = {isa = PBXFileReference; lastKnownFileType = sourcecode.swift; path = BuyWeaponsViewModel.swift; sourceTree = "<group>"; };
		4C184FEA27723B7700CE1CFF /* WeaponCollectionViewCell.swift */ = {isa = PBXFileReference; lastKnownFileType = sourcecode.swift; path = WeaponCollectionViewCell.swift; sourceTree = "<group>"; };
		4C184FEB27723B7700CE1CFF /* WeaponCollectionViewCell.xib */ = {isa = PBXFileReference; lastKnownFileType = file.xib; path = WeaponCollectionViewCell.xib; sourceTree = "<group>"; };
		4C184FF02772475C00CE1CFF /* UIView+Extension.swift */ = {isa = PBXFileReference; lastKnownFileType = sourcecode.swift; path = "UIView+Extension.swift"; sourceTree = "<group>"; };
		4C184FF227726A7700CE1CFF /* UICollectionView+Extension.swift */ = {isa = PBXFileReference; lastKnownFileType = sourcecode.swift; path = "UICollectionView+Extension.swift"; sourceTree = "<group>"; };
		4C40496F27746D90005DAF79 /* GameFlowViewController.swift */ = {isa = PBXFileReference; lastKnownFileType = sourcecode.swift; path = GameFlowViewController.swift; sourceTree = "<group>"; };
		4C404973277490B4005DAF79 /* BattleResultsViewController.swift */ = {isa = PBXFileReference; lastKnownFileType = sourcecode.swift; path = BattleResultsViewController.swift; sourceTree = "<group>"; };
		4C404974277490B4005DAF79 /* BattleResultsViewController.xib */ = {isa = PBXFileReference; lastKnownFileType = file.xib; path = BattleResultsViewController.xib; sourceTree = "<group>"; };
		4C40497B2774A669005DAF79 /* DeamonCollectionViewCell.swift */ = {isa = PBXFileReference; lastKnownFileType = sourcecode.swift; path = DeamonCollectionViewCell.swift; sourceTree = "<group>"; };
		4C40497C2774A669005DAF79 /* DeamonCollectionViewCell.xib */ = {isa = PBXFileReference; lastKnownFileType = file.xib; path = DeamonCollectionViewCell.xib; sourceTree = "<group>"; };
		4C4B7BB62776F6CF000E2FDE /* BattleResultViewModel.swift */ = {isa = PBXFileReference; lastKnownFileType = sourcecode.swift; path = BattleResultViewModel.swift; sourceTree = "<group>"; };
		4C4B7BBC2776FEBE000E2FDE /* ViewControllerFactory.swift */ = {isa = PBXFileReference; lastKnownFileType = sourcecode.swift; path = ViewControllerFactory.swift; sourceTree = "<group>"; };
		4C4B7BBE2777001D000E2FDE /* BattleNavigationControllerRouter.swift */ = {isa = PBXFileReference; lastKnownFileType = sourcecode.swift; path = BattleNavigationControllerRouter.swift; sourceTree = "<group>"; };
		4C4B7BC0277700D6000E2FDE /* BattleDelegate.swift */ = {isa = PBXFileReference; lastKnownFileType = sourcecode.swift; path = BattleDelegate.swift; sourceTree = "<group>"; };
		4C4B7BC227770484000E2FDE /* BattleViewControllerFactory.swift */ = {isa = PBXFileReference; lastKnownFileType = sourcecode.swift; path = BattleViewControllerFactory.swift; sourceTree = "<group>"; };
		4C4B7BC4277712F5000E2FDE /* Battle.swift */ = {isa = PBXFileReference; lastKnownFileType = sourcecode.swift; path = Battle.swift; sourceTree = "<group>"; };
		4C4B7BC627771364000E2FDE /* Flow.swift */ = {isa = PBXFileReference; lastKnownFileType = sourcecode.swift; path = Flow.swift; sourceTree = "<group>"; };
		4C4B7BD8277792F6000E2FDE /* Game.swift */ = {isa = PBXFileReference; lastKnownFileType = sourcecode.swift; path = Game.swift; sourceTree = "<group>"; };
		4C4B7BDA2777930F000E2FDE /* Result.swift */ = {isa = PBXFileReference; lastKnownFileType = sourcecode.swift; path = Result.swift; sourceTree = "<group>"; };
		4C4B7BDC2777931D000E2FDE /* Activity.swift */ = {isa = PBXFileReference; lastKnownFileType = sourcecode.swift; path = Activity.swift; sourceTree = "<group>"; };
		4C81A300277841BB003485D2 /* WeaponsViewController.swift */ = {isa = PBXFileReference; lastKnownFileType = sourcecode.swift; path = WeaponsViewController.swift; sourceTree = "<group>"; };
		4C81A301277841BB003485D2 /* WeaponsViewController.xib */ = {isa = PBXFileReference; lastKnownFileType = file.xib; path = WeaponsViewController.xib; sourceTree = "<group>"; };
		4C81A30427784261003485D2 /* WeaponTableViewCell.swift */ = {isa = PBXFileReference; lastKnownFileType = sourcecode.swift; path = WeaponTableViewCell.swift; sourceTree = "<group>"; };
		4C81A30527784261003485D2 /* WeaponTableViewCell.xib */ = {isa = PBXFileReference; lastKnownFileType = file.xib; path = WeaponTableViewCell.xib; sourceTree = "<group>"; };
		4C81A30A27784398003485D2 /* UITableView+Extension.swift */ = {isa = PBXFileReference; lastKnownFileType = sourcecode.swift; path = "UITableView+Extension.swift"; sourceTree = "<group>"; };
		4C81A311277873BC003485D2 /* DemonsViewController.swift */ = {isa = PBXFileReference; lastKnownFileType = sourcecode.swift; path = DemonsViewController.swift; sourceTree = "<group>"; };
		4C81A312277873BC003485D2 /* DemonsViewController.xib */ = {isa = PBXFileReference; lastKnownFileType = file.xib; path = DemonsViewController.xib; sourceTree = "<group>"; };
		4C81A315277874C0003485D2 /* DemonTableViewCell.swift */ = {isa = PBXFileReference; lastKnownFileType = sourcecode.swift; path = DemonTableViewCell.swift; sourceTree = "<group>"; };
		4C81A316277874C0003485D2 /* DemonTableViewCell.xib */ = {isa = PBXFileReference; lastKnownFileType = file.xib; path = DemonTableViewCell.xib; sourceTree = "<group>"; };
		4C81A31927788E2F003485D2 /* WeaponView.xib */ = {isa = PBXFileReference; lastKnownFileType = file.xib; path = WeaponView.xib; sourceTree = "<group>"; };
		4C81A31B27788E67003485D2 /* WeaponView.swift */ = {isa = PBXFileReference; lastKnownFileType = sourcecode.swift; path = WeaponView.swift; sourceTree = "<group>"; };
		4C81A31D27788ECC003485D2 /* NibDefinable.swift */ = {isa = PBXFileReference; lastKnownFileType = sourcecode.swift; path = NibDefinable.swift; sourceTree = "<group>"; };
		4C81A31F2778904E003485D2 /* DemonView.swift */ = {isa = PBXFileReference; lastKnownFileType = sourcecode.swift; path = DemonView.swift; sourceTree = "<group>"; };
		4C81A3212778905E003485D2 /* DemonView.xib */ = {isa = PBXFileReference; lastKnownFileType = file.xib; path = DemonView.xib; sourceTree = "<group>"; };
		4CDB8EC92770F5B9009489A5 /* Fight with daemon.app */ = {isa = PBXFileReference; explicitFileType = wrapper.application; includeInIndex = 0; path = "Fight with daemon.app"; sourceTree = BUILT_PRODUCTS_DIR; };
		4CDB8ECC2770F5B9009489A5 /* AppDelegate.swift */ = {isa = PBXFileReference; lastKnownFileType = sourcecode.swift; path = AppDelegate.swift; sourceTree = "<group>"; };
		4CDB8ECE2770F5B9009489A5 /* SceneDelegate.swift */ = {isa = PBXFileReference; lastKnownFileType = sourcecode.swift; path = SceneDelegate.swift; sourceTree = "<group>"; };
		4CDB8ED52770F5BA009489A5 /* Assets.xcassets */ = {isa = PBXFileReference; lastKnownFileType = folder.assetcatalog; path = Assets.xcassets; sourceTree = "<group>"; };
		4CDB8ED82770F5BA009489A5 /* Base */ = {isa = PBXFileReference; lastKnownFileType = file.storyboard; name = Base; path = Base.lproj/LaunchScreen.storyboard; sourceTree = "<group>"; };
		4CDB8EDA2770F5BA009489A5 /* Info.plist */ = {isa = PBXFileReference; lastKnownFileType = text.plist.xml; path = Info.plist; sourceTree = "<group>"; };
		4CDB8EE02770FC3C009489A5 /* AmountViewController.swift */ = {isa = PBXFileReference; lastKnownFileType = sourcecode.swift; path = AmountViewController.swift; sourceTree = "<group>"; };
		4CDB8EE12770FC3C009489A5 /* AmountViewController.xib */ = {isa = PBXFileReference; lastKnownFileType = file.xib; path = AmountViewController.xib; sourceTree = "<group>"; };
		4CDB8EE427710166009489A5 /* AmountViewModel.swift */ = {isa = PBXFileReference; lastKnownFileType = sourcecode.swift; path = AmountViewModel.swift; sourceTree = "<group>"; };
		4CDB8EE72771029B009489A5 /* UITextField+Publisher.swift */ = {isa = PBXFileReference; lastKnownFileType = sourcecode.swift; path = "UITextField+Publisher.swift"; sourceTree = "<group>"; };
		4CDB8EE927710346009489A5 /* UIButton+Extesnion.swift */ = {isa = PBXFileReference; lastKnownFileType = sourcecode.swift; path = "UIButton+Extesnion.swift"; sourceTree = "<group>"; };
		4CDB8EED27710445009489A5 /* Alertable.swift */ = {isa = PBXFileReference; lastKnownFileType = sourcecode.swift; path = Alertable.swift; sourceTree = "<group>"; };
		4CDB8EF8277106CD009489A5 /* Lodable.swift */ = {isa = PBXFileReference; lastKnownFileType = sourcecode.swift; path = Lodable.swift; sourceTree = "<group>"; };
		4CDB8EFE277110AF009489A5 /* Weapon.swift */ = {isa = PBXFileReference; lastKnownFileType = sourcecode.swift; path = Weapon.swift; sourceTree = "<group>"; };
		4CF1FC8B27739CB900CB2060 /* DeamonAmountsViewController.swift */ = {isa = PBXFileReference; lastKnownFileType = sourcecode.swift; path = DeamonAmountsViewController.swift; sourceTree = "<group>"; };
		4CF1FC8C27739CB900CB2060 /* DeamonAmountsViewController.xib */ = {isa = PBXFileReference; lastKnownFileType = file.xib; path = DeamonAmountsViewController.xib; sourceTree = "<group>"; };
		4CF1FC8F2773A32100CB2060 /* DeamonAmountViewModel.swift */ = {isa = PBXFileReference; lastKnownFileType = sourcecode.swift; path = DeamonAmountViewModel.swift; sourceTree = "<group>"; };
		4CF1FC912773A70300CB2060 /* Deamon.swift */ = {isa = PBXFileReference; lastKnownFileType = sourcecode.swift; path = Deamon.swift; sourceTree = "<group>"; };
		4CF1FC932773A71B00CB2060 /* Power.swift */ = {isa = PBXFileReference; lastKnownFileType = sourcecode.swift; path = Power.swift; sourceTree = "<group>"; };
/* End PBXFileReference section */

/* Begin PBXFrameworksBuildPhase section */
		4CDB8EC62770F5B9009489A5 /* Frameworks */ = {
			isa = PBXFrameworksBuildPhase;
			buildActionMask = 2147483647;
			files = (
			);
			runOnlyForDeploymentPostprocessing = 0;
		};
/* End PBXFrameworksBuildPhase section */

/* Begin PBXGroup section */
		4C061573277627C9009C6C08 /* Fights Scene */ = {
			isa = PBXGroup;
			children = (
				4C06157D27762B56009C6C08 /* ViewModel */,
				4C061574277627D0009C6C08 /* Views */,
			);
			path = "Fights Scene";
			sourceTree = "<group>";
		};
		4C061574277627D0009C6C08 /* Views */ = {
			isa = PBXGroup;
			children = (
				4C06157927762A27009C6C08 /* FightViewController.swift */,
				4C06157A27762A27009C6C08 /* FightViewController.xib */,
			);
			path = Views;
			sourceTree = "<group>";
		};
		4C06157D27762B56009C6C08 /* ViewModel */ = {
			isa = PBXGroup;
			children = (
				4C06158027762E6C009C6C08 /* FightViewModel.swift */,
			);
			path = ViewModel;
			sourceTree = "<group>";
		};
		4C184FE1277235C000CE1CFF /* Buy Weapons Scene */ = {
			isa = PBXGroup;
			children = (
				4C184FE3277235CF00CE1CFF /* ViewModel */,
				4C184FE2277235C900CE1CFF /* View */,
			);
			path = "Buy Weapons Scene";
			sourceTree = "<group>";
		};
		4C184FE2277235C900CE1CFF /* View */ = {
			isa = PBXGroup;
			children = (
				4C184FE4277235F000CE1CFF /* BuyWeaponsViewController.swift */,
				4C184FE5277235F000CE1CFF /* BuyWeaponsViewController.xib */,
				4C184FEA27723B7700CE1CFF /* WeaponCollectionViewCell.swift */,
				4C184FEB27723B7700CE1CFF /* WeaponCollectionViewCell.xib */,
			);
			path = View;
			sourceTree = "<group>";
		};
		4C184FE3277235CF00CE1CFF /* ViewModel */ = {
			isa = PBXGroup;
			children = (
				4C184FE82772395700CE1CFF /* BuyWeaponsViewModel.swift */,
			);
			path = ViewModel;
			sourceTree = "<group>";
		};
		4C4049712774909D005DAF79 /* Result Scene */ = {
			isa = PBXGroup;
			children = (
				4C4B7BB52776F6C4000E2FDE /* ViewModel */,
				4C404972277490A3005DAF79 /* Views */,
			);
			path = "Result Scene";
			sourceTree = "<group>";
		};
		4C404972277490A3005DAF79 /* Views */ = {
			isa = PBXGroup;
			children = (
				4C404973277490B4005DAF79 /* BattleResultsViewController.swift */,
				4C404974277490B4005DAF79 /* BattleResultsViewController.xib */,
			);
			path = Views;
			sourceTree = "<group>";
		};
		4C4B7BB52776F6C4000E2FDE /* ViewModel */ = {
			isa = PBXGroup;
			children = (
				4C4B7BB62776F6CF000E2FDE /* BattleResultViewModel.swift */,
			);
			path = ViewModel;
			sourceTree = "<group>";
		};
		4C4B7BBA2776FE1F000E2FDE /* Preperation */ = {
			isa = PBXGroup;
			children = (
				4CDB8EF0277104FC009489A5 /* Amount Scene */,
				4C184FE1277235C000CE1CFF /* Buy Weapons Scene */,
				4CF1FC8827739B4300CB2060 /* Daemon Count */,
			);
			path = Preperation;
			sourceTree = "<group>";
		};
		4C4B7BBB2776FE33000E2FDE /* Routing */ = {
			isa = PBXGroup;
			children = (
				4C4B7BBC2776FEBE000E2FDE /* ViewControllerFactory.swift */,
				4C4B7BBE2777001D000E2FDE /* BattleNavigationControllerRouter.swift */,
			);
			path = Routing;
			sourceTree = "<group>";
		};
		4C4B7BC827772241000E2FDE /* Battle Engine */ = {
			isa = PBXGroup;
			children = (
				4C4B7BC627771364000E2FDE /* Flow.swift */,
				4C4B7BC0277700D6000E2FDE /* BattleDelegate.swift */,
				4C4B7BC4277712F5000E2FDE /* Battle.swift */,
			);
			path = "Battle Engine";
			sourceTree = "<group>";
		};
		4C81A2FE27784172003485D2 /* Weapons */ = {
			isa = PBXGroup;
			children = (
				4C81A2FF277841A9003485D2 /* Views */,
			);
			path = Weapons;
			sourceTree = "<group>";
		};
		4C81A2FF277841A9003485D2 /* Views */ = {
			isa = PBXGroup;
			children = (
				4C81A300277841BB003485D2 /* WeaponsViewController.swift */,
				4C81A301277841BB003485D2 /* WeaponsViewController.xib */,
				4C81A30427784261003485D2 /* WeaponTableViewCell.swift */,
				4C81A30527784261003485D2 /* WeaponTableViewCell.xib */,
				4C81A31927788E2F003485D2 /* WeaponView.xib */,
				4C81A31B27788E67003485D2 /* WeaponView.swift */,
			);
			path = Views;
			sourceTree = "<group>";
		};
		4C81A30F277873A0003485D2 /* Demons */ = {
			isa = PBXGroup;
			children = (
				4C81A310277873A6003485D2 /* Views */,
			);
			path = Demons;
			sourceTree = "<group>";
		};
		4C81A310277873A6003485D2 /* Views */ = {
			isa = PBXGroup;
			children = (
				4C81A311277873BC003485D2 /* DemonsViewController.swift */,
				4C81A312277873BC003485D2 /* DemonsViewController.xib */,
				4C81A315277874C0003485D2 /* DemonTableViewCell.swift */,
				4C81A316277874C0003485D2 /* DemonTableViewCell.xib */,
				4C81A31F2778904E003485D2 /* DemonView.swift */,
				4C81A3212778905E003485D2 /* DemonView.xib */,
			);
			path = Views;
			sourceTree = "<group>";
		};
		4CDB8EC02770F5B9009489A5 = {
			isa = PBXGroup;
			children = (
				4CDB8ECB2770F5B9009489A5 /* Fight with daemon */,
				4CDB8ECA2770F5B9009489A5 /* Products */,
			);
			sourceTree = "<group>";
		};
		4CDB8ECA2770F5B9009489A5 /* Products */ = {
			isa = PBXGroup;
			children = (
				4CDB8EC92770F5B9009489A5 /* Fight with daemon.app */,
			);
			name = Products;
			sourceTree = "<group>";
		};
		4CDB8ECB2770F5B9009489A5 /* Fight with daemon */ = {
			isa = PBXGroup;
			children = (
				4C4B7BC827772241000E2FDE /* Battle Engine */,
				4C4B7BBB2776FE33000E2FDE /* Routing */,
				4CF1FC8727738EC000CB2060 /* Domain */,
				4CDB8EEF277104ED009489A5 /* UI */,
				4CDB8EF427710527009489A5 /* Main */,
				4CDB8EDA2770F5BA009489A5 /* Info.plist */,
				4CDB8EF72771055C009489A5 /* Resources */,
			);
			path = "Fight with daemon";
			sourceTree = "<group>";
		};
		4CDB8EE627710284009489A5 /* Extensions */ = {
			isa = PBXGroup;
			children = (
				4CDB8EE72771029B009489A5 /* UITextField+Publisher.swift */,
				4CDB8EE927710346009489A5 /* UIButton+Extesnion.swift */,
				4C184FF02772475C00CE1CFF /* UIView+Extension.swift */,
				4C184FF227726A7700CE1CFF /* UICollectionView+Extension.swift */,
				4C81A30A27784398003485D2 /* UITableView+Extension.swift */,
			);
			path = Extensions;
			sourceTree = "<group>";
		};
		4CDB8EEB27710427009489A5 /* Utils */ = {
			isa = PBXGroup;
			children = (
				4CDB8EEC27710438009489A5 /* Protocols */,
				4CDB8EE627710284009489A5 /* Extensions */,
			);
			path = Utils;
			sourceTree = "<group>";
		};
		4CDB8EEC27710438009489A5 /* Protocols */ = {
			isa = PBXGroup;
			children = (
				4CDB8EED27710445009489A5 /* Alertable.swift */,
				4CDB8EF8277106CD009489A5 /* Lodable.swift */,
				4C81A31D27788ECC003485D2 /* NibDefinable.swift */,
			);
			path = Protocols;
			sourceTree = "<group>";
		};
		4CDB8EEF277104ED009489A5 /* UI */ = {
			isa = PBXGroup;
			children = (
				4CDB8EF32771051E009489A5 /* Scenes */,
				4CDB8EEB27710427009489A5 /* Utils */,
			);
			path = UI;
			sourceTree = "<group>";
		};
		4CDB8EF0277104FC009489A5 /* Amount Scene */ = {
			isa = PBXGroup;
			children = (
				4CDB8EF22771050D009489A5 /* Views */,
				4CDB8EF127710505009489A5 /* ViewModel */,
			);
			path = "Amount Scene";
			sourceTree = "<group>";
		};
		4CDB8EF127710505009489A5 /* ViewModel */ = {
			isa = PBXGroup;
			children = (
				4CDB8EE427710166009489A5 /* AmountViewModel.swift */,
			);
			path = ViewModel;
			sourceTree = "<group>";
		};
		4CDB8EF22771050D009489A5 /* Views */ = {
			isa = PBXGroup;
			children = (
				4CDB8EE02770FC3C009489A5 /* AmountViewController.swift */,
				4CDB8EE12770FC3C009489A5 /* AmountViewController.xib */,
			);
			path = Views;
			sourceTree = "<group>";
		};
		4CDB8EF32771051E009489A5 /* Scenes */ = {
			isa = PBXGroup;
			children = (
				4C81A30F277873A0003485D2 /* Demons */,
				4C81A2FE27784172003485D2 /* Weapons */,
				4CDB8EF527710539009489A5 /* LunchScene */,
				4C4B7BBA2776FE1F000E2FDE /* Preperation */,
				4C061573277627C9009C6C08 /* Fights Scene */,
				4C4049712774909D005DAF79 /* Result Scene */,
			);
			path = Scenes;
			sourceTree = "<group>";
		};
		4CDB8EF427710527009489A5 /* Main */ = {
			isa = PBXGroup;
			children = (
				4CDB8ECC2770F5B9009489A5 /* AppDelegate.swift */,
				4CDB8ECE2770F5B9009489A5 /* SceneDelegate.swift */,
				4C40496F27746D90005DAF79 /* GameFlowViewController.swift */,
				4C4B7BC227770484000E2FDE /* BattleViewControllerFactory.swift */,
			);
			path = Main;
			sourceTree = "<group>";
		};
		4CDB8EF527710539009489A5 /* LunchScene */ = {
			isa = PBXGroup;
			children = (
				4CDB8EF627710546009489A5 /* View */,
			);
			path = LunchScene;
			sourceTree = "<group>";
		};
		4CDB8EF627710546009489A5 /* View */ = {
			isa = PBXGroup;
			children = (
				4CDB8ED72770F5BA009489A5 /* LaunchScreen.storyboard */,
			);
			path = View;
			sourceTree = "<group>";
		};
		4CDB8EF72771055C009489A5 /* Resources */ = {
			isa = PBXGroup;
			children = (
				4CDB8ED52770F5BA009489A5 /* Assets.xcassets */,
			);
			path = Resources;
			sourceTree = "<group>";
		};
		4CF1FC8727738EC000CB2060 /* Domain */ = {
			isa = PBXGroup;
			children = (
				4CDB8EFE277110AF009489A5 /* Weapon.swift */,
				4CF1FC912773A70300CB2060 /* Deamon.swift */,
				4CF1FC932773A71B00CB2060 /* Power.swift */,
				4C4B7BD8277792F6000E2FDE /* Game.swift */,
				4C4B7BDA2777930F000E2FDE /* Result.swift */,
				4C4B7BDC2777931D000E2FDE /* Activity.swift */,
			);
			path = Domain;
			sourceTree = "<group>";
		};
		4CF1FC8827739B4300CB2060 /* Daemon Count */ = {
			isa = PBXGroup;
			children = (
				4CF1FC8A27739B6100CB2060 /* ViewModel */,
				4CF1FC8927739B5B00CB2060 /* Views */,
			);
			path = "Daemon Count";
			sourceTree = "<group>";
		};
		4CF1FC8927739B5B00CB2060 /* Views */ = {
			isa = PBXGroup;
			children = (
				4CF1FC8B27739CB900CB2060 /* DeamonAmountsViewController.swift */,
				4CF1FC8C27739CB900CB2060 /* DeamonAmountsViewController.xib */,
				4C40497B2774A669005DAF79 /* DeamonCollectionViewCell.swift */,
				4C40497C2774A669005DAF79 /* DeamonCollectionViewCell.xib */,
			);
			path = Views;
			sourceTree = "<group>";
		};
		4CF1FC8A27739B6100CB2060 /* ViewModel */ = {
			isa = PBXGroup;
			children = (
				4CF1FC8F2773A32100CB2060 /* DeamonAmountViewModel.swift */,
			);
			path = ViewModel;
			sourceTree = "<group>";
		};
/* End PBXGroup section */

/* Begin PBXNativeTarget section */
		4CDB8EC82770F5B9009489A5 /* Fight with daemon */ = {
			isa = PBXNativeTarget;
			buildConfigurationList = 4CDB8EDD2770F5BA009489A5 /* Build configuration list for PBXNativeTarget "Fight with daemon" */;
			buildPhases = (
				4CDB8EC52770F5B9009489A5 /* Sources */,
				4CDB8EC62770F5B9009489A5 /* Frameworks */,
				4CDB8EC72770F5B9009489A5 /* Resources */,
			);
			buildRules = (
			);
			dependencies = (
			);
			name = "Fight with daemon";
			productName = "Fight with daemon";
			productReference = 4CDB8EC92770F5B9009489A5 /* Fight with daemon.app */;
			productType = "com.apple.product-type.application";
		};
/* End PBXNativeTarget section */

/* Begin PBXProject section */
		4CDB8EC12770F5B9009489A5 /* Project object */ = {
			isa = PBXProject;
			attributes = {
				BuildIndependentTargetsInParallel = 1;
				LastSwiftUpdateCheck = 1310;
				LastUpgradeCheck = 1310;
				TargetAttributes = {
					4CDB8EC82770F5B9009489A5 = {
						CreatedOnToolsVersion = 13.1;
					};
				};
			};
			buildConfigurationList = 4CDB8EC42770F5B9009489A5 /* Build configuration list for PBXProject "Fight with daemon" */;
			compatibilityVersion = "Xcode 13.0";
			developmentRegion = en;
			hasScannedForEncodings = 0;
			knownRegions = (
				en,
				Base,
			);
			mainGroup = 4CDB8EC02770F5B9009489A5;
			productRefGroup = 4CDB8ECA2770F5B9009489A5 /* Products */;
			projectDirPath = "";
			projectRoot = "";
			targets = (
				4CDB8EC82770F5B9009489A5 /* Fight with daemon */,
			);
		};
/* End PBXProject section */

/* Begin PBXResourcesBuildPhase section */
		4CDB8EC72770F5B9009489A5 /* Resources */ = {
			isa = PBXResourcesBuildPhase;
			buildActionMask = 2147483647;
			files = (
				4C81A318277874C0003485D2 /* DemonTableViewCell.xib in Resources */,
				4C184FE7277235F000CE1CFF /* BuyWeaponsViewController.xib in Resources */,
				4C81A31A27788E2F003485D2 /* WeaponView.xib in Resources */,
				4CF1FC8E27739CB900CB2060 /* DeamonAmountsViewController.xib in Resources */,
				4C81A314277873BC003485D2 /* DemonsViewController.xib in Resources */,
				4C06157C27762A27009C6C08 /* FightViewController.xib in Resources */,
				4C40497E2774A669005DAF79 /* DeamonCollectionViewCell.xib in Resources */,
				4C81A303277841BB003485D2 /* WeaponsViewController.xib in Resources */,
				4CDB8EE32770FC3C009489A5 /* AmountViewController.xib in Resources */,
				4C184FED27723B7700CE1CFF /* WeaponCollectionViewCell.xib in Resources */,
				4CDB8ED92770F5BA009489A5 /* LaunchScreen.storyboard in Resources */,
				4CDB8ED62770F5BA009489A5 /* Assets.xcassets in Resources */,
				4C81A3222778905E003485D2 /* DemonView.xib in Resources */,
				4C404976277490B4005DAF79 /* BattleResultsViewController.xib in Resources */,
				4C81A30727784261003485D2 /* WeaponTableViewCell.xib in Resources */,
			);
			runOnlyForDeploymentPostprocessing = 0;
		};
/* End PBXResourcesBuildPhase section */

/* Begin PBXSourcesBuildPhase section */
		4CDB8EC52770F5B9009489A5 /* Sources */ = {
			isa = PBXSourcesBuildPhase;
			buildActionMask = 2147483647;
			files = (
				4C81A31E27788ECC003485D2 /* NibDefinable.swift in Sources */,
				4C4B7BDD2777931D000E2FDE /* Activity.swift in Sources */,
				4C81A3202778904E003485D2 /* DemonView.swift in Sources */,
				4CF1FC922773A70300CB2060 /* Deamon.swift in Sources */,
				4CDB8EE527710166009489A5 /* AmountViewModel.swift in Sources */,
				4C184FEC27723B7700CE1CFF /* WeaponCollectionViewCell.swift in Sources */,
				4C06157B27762A27009C6C08 /* FightViewController.swift in Sources */,
				4C4B7BC1277700D6000E2FDE /* BattleDelegate.swift in Sources */,
				4C40497D2774A669005DAF79 /* DeamonCollectionViewCell.swift in Sources */,
				4CF1FC902773A32100CB2060 /* DeamonAmountViewModel.swift in Sources */,
				4C4B7BC5277712F5000E2FDE /* Battle.swift in Sources */,
				4C4B7BBF2777001D000E2FDE /* BattleNavigationControllerRouter.swift in Sources */,
				4CDB8EEE27710445009489A5 /* Alertable.swift in Sources */,
				4CDB8ECD2770F5B9009489A5 /* AppDelegate.swift in Sources */,
				4C06158127762E6C009C6C08 /* FightViewModel.swift in Sources */,
				4C40497027746D90005DAF79 /* GameFlowViewController.swift in Sources */,
				4C404975277490B4005DAF79 /* BattleResultsViewController.swift in Sources */,
				4C4B7BC327770484000E2FDE /* BattleViewControllerFactory.swift in Sources */,
				4CDB8EF9277106CD009489A5 /* Lodable.swift in Sources */,
				4C184FE92772395700CE1CFF /* BuyWeaponsViewModel.swift in Sources */,
				4C4B7BB72776F6CF000E2FDE /* BattleResultViewModel.swift in Sources */,
				4C81A31C27788E67003485D2 /* WeaponView.swift in Sources */,
				4C4B7BC727771364000E2FDE /* Flow.swift in Sources */,
				4C81A30B27784398003485D2 /* UITableView+Extension.swift in Sources */,
				4CF1FC8D27739CB900CB2060 /* DeamonAmountsViewController.swift in Sources */,
				4C4B7BDB2777930F000E2FDE /* Result.swift in Sources */,
				4CDB8ECF2770F5B9009489A5 /* SceneDelegate.swift in Sources */,
				4C184FF12772475C00CE1CFF /* UIView+Extension.swift in Sources */,
				4C184FE6277235F000CE1CFF /* BuyWeaponsViewController.swift in Sources */,
				4C4B7BBD2776FEBE000E2FDE /* ViewControllerFactory.swift in Sources */,
				4CDB8EFF277110AF009489A5 /* Weapon.swift in Sources */,
				4CDB8EEA27710346009489A5 /* UIButton+Extesnion.swift in Sources */,
				4C81A30627784261003485D2 /* WeaponTableViewCell.swift in Sources */,
				4C184FF327726A7700CE1CFF /* UICollectionView+Extension.swift in Sources */,
				4C81A317277874C0003485D2 /* DemonTableViewCell.swift in Sources */,
				4CDB8EE82771029B009489A5 /* UITextField+Publisher.swift in Sources */,
				4CF1FC942773A71B00CB2060 /* Power.swift in Sources */,
				4CDB8EE22770FC3C009489A5 /* AmountViewController.swift in Sources */,
				4C81A302277841BB003485D2 /* WeaponsViewController.swift in Sources */,
				4C81A313277873BC003485D2 /* DemonsViewController.swift in Sources */,
				4C4B7BD9277792F6000E2FDE /* Game.swift in Sources */,
			);
			runOnlyForDeploymentPostprocessing = 0;
		};
/* End PBXSourcesBuildPhase section */

/* Begin PBXVariantGroup section */
		4CDB8ED72770F5BA009489A5 /* LaunchScreen.storyboard */ = {
			isa = PBXVariantGroup;
			children = (
				4CDB8ED82770F5BA009489A5 /* Base */,
			);
			name = LaunchScreen.storyboard;
			sourceTree = "<group>";
		};
/* End PBXVariantGroup section */

/* Begin XCBuildConfiguration section */
		4CDB8EDB2770F5BA009489A5 /* Debug */ = {
			isa = XCBuildConfiguration;
			buildSettings = {
				ALWAYS_SEARCH_USER_PATHS = NO;
				CLANG_ANALYZER_NONNULL = YES;
				CLANG_ANALYZER_NUMBER_OBJECT_CONVERSION = YES_AGGRESSIVE;
				CLANG_CXX_LANGUAGE_STANDARD = "gnu++17";
				CLANG_CXX_LIBRARY = "libc++";
				CLANG_ENABLE_MODULES = YES;
				CLANG_ENABLE_OBJC_ARC = YES;
				CLANG_ENABLE_OBJC_WEAK = YES;
				CLANG_WARN_BLOCK_CAPTURE_AUTORELEASING = YES;
				CLANG_WARN_BOOL_CONVERSION = YES;
				CLANG_WARN_COMMA = YES;
				CLANG_WARN_CONSTANT_CONVERSION = YES;
				CLANG_WARN_DEPRECATED_OBJC_IMPLEMENTATIONS = YES;
				CLANG_WARN_DIRECT_OBJC_ISA_USAGE = YES_ERROR;
				CLANG_WARN_DOCUMENTATION_COMMENTS = YES;
				CLANG_WARN_EMPTY_BODY = YES;
				CLANG_WARN_ENUM_CONVERSION = YES;
				CLANG_WARN_INFINITE_RECURSION = YES;
				CLANG_WARN_INT_CONVERSION = YES;
				CLANG_WARN_NON_LITERAL_NULL_CONVERSION = YES;
				CLANG_WARN_OBJC_IMPLICIT_RETAIN_SELF = YES;
				CLANG_WARN_OBJC_LITERAL_CONVERSION = YES;
				CLANG_WARN_OBJC_ROOT_CLASS = YES_ERROR;
				CLANG_WARN_QUOTED_INCLUDE_IN_FRAMEWORK_HEADER = YES;
				CLANG_WARN_RANGE_LOOP_ANALYSIS = YES;
				CLANG_WARN_STRICT_PROTOTYPES = YES;
				CLANG_WARN_SUSPICIOUS_MOVE = YES;
				CLANG_WARN_UNGUARDED_AVAILABILITY = YES_AGGRESSIVE;
				CLANG_WARN_UNREACHABLE_CODE = YES;
				CLANG_WARN__DUPLICATE_METHOD_MATCH = YES;
				COPY_PHASE_STRIP = NO;
				DEBUG_INFORMATION_FORMAT = dwarf;
				ENABLE_STRICT_OBJC_MSGSEND = YES;
				ENABLE_TESTABILITY = YES;
				GCC_C_LANGUAGE_STANDARD = gnu11;
				GCC_DYNAMIC_NO_PIC = NO;
				GCC_NO_COMMON_BLOCKS = YES;
				GCC_OPTIMIZATION_LEVEL = 0;
				GCC_PREPROCESSOR_DEFINITIONS = (
					"DEBUG=1",
					"$(inherited)",
				);
				GCC_WARN_64_TO_32_BIT_CONVERSION = YES;
				GCC_WARN_ABOUT_RETURN_TYPE = YES_ERROR;
				GCC_WARN_UNDECLARED_SELECTOR = YES;
				GCC_WARN_UNINITIALIZED_AUTOS = YES_AGGRESSIVE;
				GCC_WARN_UNUSED_FUNCTION = YES;
				GCC_WARN_UNUSED_VARIABLE = YES;
				IPHONEOS_DEPLOYMENT_TARGET = 15.0;
				MTL_ENABLE_DEBUG_INFO = INCLUDE_SOURCE;
				MTL_FAST_MATH = YES;
				ONLY_ACTIVE_ARCH = YES;
				SDKROOT = iphoneos;
				SWIFT_ACTIVE_COMPILATION_CONDITIONS = DEBUG;
				SWIFT_OPTIMIZATION_LEVEL = "-Onone";
			};
			name = Debug;
		};
		4CDB8EDC2770F5BA009489A5 /* Release */ = {
			isa = XCBuildConfiguration;
			buildSettings = {
				ALWAYS_SEARCH_USER_PATHS = NO;
				CLANG_ANALYZER_NONNULL = YES;
				CLANG_ANALYZER_NUMBER_OBJECT_CONVERSION = YES_AGGRESSIVE;
				CLANG_CXX_LANGUAGE_STANDARD = "gnu++17";
				CLANG_CXX_LIBRARY = "libc++";
				CLANG_ENABLE_MODULES = YES;
				CLANG_ENABLE_OBJC_ARC = YES;
				CLANG_ENABLE_OBJC_WEAK = YES;
				CLANG_WARN_BLOCK_CAPTURE_AUTORELEASING = YES;
				CLANG_WARN_BOOL_CONVERSION = YES;
				CLANG_WARN_COMMA = YES;
				CLANG_WARN_CONSTANT_CONVERSION = YES;
				CLANG_WARN_DEPRECATED_OBJC_IMPLEMENTATIONS = YES;
				CLANG_WARN_DIRECT_OBJC_ISA_USAGE = YES_ERROR;
				CLANG_WARN_DOCUMENTATION_COMMENTS = YES;
				CLANG_WARN_EMPTY_BODY = YES;
				CLANG_WARN_ENUM_CONVERSION = YES;
				CLANG_WARN_INFINITE_RECURSION = YES;
				CLANG_WARN_INT_CONVERSION = YES;
				CLANG_WARN_NON_LITERAL_NULL_CONVERSION = YES;
				CLANG_WARN_OBJC_IMPLICIT_RETAIN_SELF = YES;
				CLANG_WARN_OBJC_LITERAL_CONVERSION = YES;
				CLANG_WARN_OBJC_ROOT_CLASS = YES_ERROR;
				CLANG_WARN_QUOTED_INCLUDE_IN_FRAMEWORK_HEADER = YES;
				CLANG_WARN_RANGE_LOOP_ANALYSIS = YES;
				CLANG_WARN_STRICT_PROTOTYPES = YES;
				CLANG_WARN_SUSPICIOUS_MOVE = YES;
				CLANG_WARN_UNGUARDED_AVAILABILITY = YES_AGGRESSIVE;
				CLANG_WARN_UNREACHABLE_CODE = YES;
				CLANG_WARN__DUPLICATE_METHOD_MATCH = YES;
				COPY_PHASE_STRIP = NO;
				DEBUG_INFORMATION_FORMAT = "dwarf-with-dsym";
				ENABLE_NS_ASSERTIONS = NO;
				ENABLE_STRICT_OBJC_MSGSEND = YES;
				GCC_C_LANGUAGE_STANDARD = gnu11;
				GCC_NO_COMMON_BLOCKS = YES;
				GCC_WARN_64_TO_32_BIT_CONVERSION = YES;
				GCC_WARN_ABOUT_RETURN_TYPE = YES_ERROR;
				GCC_WARN_UNDECLARED_SELECTOR = YES;
				GCC_WARN_UNINITIALIZED_AUTOS = YES_AGGRESSIVE;
				GCC_WARN_UNUSED_FUNCTION = YES;
				GCC_WARN_UNUSED_VARIABLE = YES;
				IPHONEOS_DEPLOYMENT_TARGET = 15.0;
				MTL_ENABLE_DEBUG_INFO = NO;
				MTL_FAST_MATH = YES;
				SDKROOT = iphoneos;
				SWIFT_COMPILATION_MODE = wholemodule;
				SWIFT_OPTIMIZATION_LEVEL = "-O";
				VALIDATE_PRODUCT = YES;
			};
			name = Release;
		};
		4CDB8EDE2770F5BA009489A5 /* Debug */ = {
			isa = XCBuildConfiguration;
			buildSettings = {
				ASSETCATALOG_COMPILER_APPICON_NAME = AppIcon;
				ASSETCATALOG_COMPILER_GLOBAL_ACCENT_COLOR_NAME = AccentColor;
				CODE_SIGN_IDENTITY = "Apple Development";
				CODE_SIGN_STYLE = Automatic;
				CURRENT_PROJECT_VERSION = 1;
				DEVELOPMENT_TEAM = ZUTM2D9M6W;
				GENERATE_INFOPLIST_FILE = YES;
				INFOPLIST_FILE = "Fight with daemon/Info.plist";
				INFOPLIST_KEY_UIApplicationSupportsIndirectInputEvents = YES;
				INFOPLIST_KEY_UILaunchStoryboardName = LaunchScreen;
				INFOPLIST_KEY_UISupportedInterfaceOrientations_iPad = "UIInterfaceOrientationPortrait UIInterfaceOrientationPortraitUpsideDown UIInterfaceOrientationLandscapeLeft UIInterfaceOrientationLandscapeRight";
				INFOPLIST_KEY_UISupportedInterfaceOrientations_iPhone = "UIInterfaceOrientationPortrait UIInterfaceOrientationLandscapeLeft UIInterfaceOrientationLandscapeRight";
				LD_RUNPATH_SEARCH_PATHS = (
					"$(inherited)",
					"@executable_path/Frameworks",
				);
				MARKETING_VERSION = 1.0;
				PRODUCT_BUNDLE_IDENTIFIER = "com.bitar.Fight-with-daemon";
				PRODUCT_NAME = "$(TARGET_NAME)";
				PROVISIONING_PROFILE_SPECIFIER = "";
				SWIFT_EMIT_LOC_STRINGS = YES;
				SWIFT_VERSION = 5.0;
				TARGETED_DEVICE_FAMILY = 1;
			};
			name = Debug;
		};
		4CDB8EDF2770F5BA009489A5 /* Release */ = {
			isa = XCBuildConfiguration;
			buildSettings = {
				ASSETCATALOG_COMPILER_APPICON_NAME = AppIcon;
				ASSETCATALOG_COMPILER_GLOBAL_ACCENT_COLOR_NAME = AccentColor;
				CODE_SIGN_IDENTITY = "Apple Development";
				CODE_SIGN_STYLE = Automatic;
				CURRENT_PROJECT_VERSION = 1;
				DEVELOPMENT_TEAM = ZUTM2D9M6W;
				GENERATE_INFOPLIST_FILE = YES;
				INFOPLIST_FILE = "Fight with daemon/Info.plist";
				INFOPLIST_KEY_UIApplicationSupportsIndirectInputEvents = YES;
				INFOPLIST_KEY_UILaunchStoryboardName = LaunchScreen;
				INFOPLIST_KEY_UISupportedInterfaceOrientations_iPad = "UIInterfaceOrientationPortrait UIInterfaceOrientationPortraitUpsideDown UIInterfaceOrientationLandscapeLeft UIInterfaceOrientationLandscapeRight";
				INFOPLIST_KEY_UISupportedInterfaceOrientations_iPhone = "UIInterfaceOrientationPortrait UIInterfaceOrientationLandscapeLeft UIInterfaceOrientationLandscapeRight";
				LD_RUNPATH_SEARCH_PATHS = (
					"$(inherited)",
					"@executable_path/Frameworks",
				);
				MARKETING_VERSION = 1.0;
				PRODUCT_BUNDLE_IDENTIFIER = "com.bitar.Fight-with-daemon";
				PRODUCT_NAME = "$(TARGET_NAME)";
				PROVISIONING_PROFILE_SPECIFIER = "";
				SWIFT_EMIT_LOC_STRINGS = YES;
				SWIFT_VERSION = 5.0;
				TARGETED_DEVICE_FAMILY = 1;
			};
			name = Release;
		};
/* End XCBuildConfiguration section */

/* Begin XCConfigurationList section */
		4CDB8EC42770F5B9009489A5 /* Build configuration list for PBXProject "Fight with daemon" */ = {
			isa = XCConfigurationList;
			buildConfigurations = (
				4CDB8EDB2770F5BA009489A5 /* Debug */,
				4CDB8EDC2770F5BA009489A5 /* Release */,
			);
			defaultConfigurationIsVisible = 0;
			defaultConfigurationName = Release;
		};
		4CDB8EDD2770F5BA009489A5 /* Build configuration list for PBXNativeTarget "Fight with daemon" */ = {
			isa = XCConfigurationList;
			buildConfigurations = (
				4CDB8EDE2770F5BA009489A5 /* Debug */,
				4CDB8EDF2770F5BA009489A5 /* Release */,
			);
			defaultConfigurationIsVisible = 0;
			defaultConfigurationName = Release;
		};
/* End XCConfigurationList section */
	};
	rootObject = 4CDB8EC12770F5B9009489A5 /* Project object */;
}
